{
  "nodes": {
    "home-manager": {
      "inputs": {
        "nixpkgs": [
          "nixpkgs"
        ],
        "utils": "utils"
      },
      "locked": {
        "lastModified": 1677783711,
        "narHash": "sha256-eq5mOVk3gv5HITtLhPjKwi8bFnOaQplA3X0WFgHnmxE=",
        "owner": "nix-community",
        "repo": "home-manager",
        "rev": "b9e3a29864798d55ec1d6579ab97876bb1ee9664",
        "type": "github"
      },
      "original": {
        "owner": "nix-community",
        "repo": "home-manager",
        "type": "github"
      }
    },
    "impermanence": {
      "locked": {
        "lastModified": 1675359654,
        "narHash": "sha256-FPxzuvJkcO49g4zkWLSeuZkln54bLoTtrggZDJBH90I=",
        "owner": "nix-community",
        "repo": "impermanence",
        "rev": "6138eb8e737bffabd4c8fc78ae015d4fd6a7e2fd",
        "type": "github"
      },
      "original": {
        "owner": "nix-community",
        "repo": "impermanence",
        "type": "github"
      }
    },
    "nixpkgs": {
      "locked": {
        "lastModified": 1677845674,
        "narHash": "sha256-9wy/QFibdJUp7WQUe50U5bZKocg3OOHBpJhpl5ddfbE=",
        "owner": "NixOS",
        "repo": "nixpkgs",
        "rev": "dcc47fef8bd1e91baeab8fb34a35337ab8f3a3fd",
        "type": "github"
      },
      "original": {
        "owner": "NixOS",
        "ref": "nixos-unstable-small",
        "repo": "nixpkgs",
        "type": "github"
      }
    },
    "nixpkgs-stable": {
      "locked": {
        "lastModified": 1677560965,
        "narHash": "sha256-Tqwt5alTtMnbYUPKCYRYZqlfbjprLgDWqjMhXpFMQ6k=",
        "owner": "NixOS",
        "repo": "nixpkgs",
        "rev": "40968a3aa489191cf4b7ba85cf2a54d8a75c8daa",
        "type": "github"
      },
      "original": {
        "owner": "NixOS",
        "ref": "release-22.11",
        "repo": "nixpkgs",
        "type": "github"
      }
    },
    "nixpkgs-stable_2": {
      "locked": {
        "lastModified": 1677560965,
        "narHash": "sha256-Tqwt5alTtMnbYUPKCYRYZqlfbjprLgDWqjMhXpFMQ6k=",
        "owner": "NixOS",
        "repo": "nixpkgs",
        "rev": "40968a3aa489191cf4b7ba85cf2a54d8a75c8daa",
        "type": "github"
      },
      "original": {
        "owner": "NixOS",
        "ref": "release-22.11",
        "repo": "nixpkgs",
        "type": "github"
      }
    },
    "nuclage": {
      "inputs": {
        "nixpkgs": [
          "nixpkgs"
        ],
        "nulib": [
          "nulib"
        ],
        "sops-nix": "sops-nix"
      },
      "locked": {
        "lastModified": 1677904176,
        "narHash": "sha256-HXZQ8HPdf3jkg2F3gVMMZ9EPtVtU8RlspVmuRnMIb6I=",
        "owner": "MidAutumnMoon",
        "repo": "Nuclage",
        "rev": "9fb039f34fd8c6e1968c1d13beffdb983932a810",
        "type": "github"
      },
      "original": {
        "owner": "MidAutumnMoon",
        "repo": "Nuclage",
        "type": "github"
      }
    },
    "nulib": {
      "locked": {
        "lastModified": 1677379064,
        "narHash": "sha256-Dok1h4/o7d0W3rFwYFP+3hFIy/tK8usx/U+Cpf+QvY4=",
        "owner": "MidAutumnMoon",
        "repo": "Nulib",
        "rev": "faf6392c19421e44a92453a3f1d19765d8ac154c",
        "type": "github"
      },
      "original": {
        "owner": "MidAutumnMoon",
        "repo": "Nulib",
        "type": "github"
      }
    },
    "root": {
      "inputs": {
        "home-manager": "home-manager",
        "impermanence": "impermanence",
        "nixpkgs": "nixpkgs",
        "nuclage": "nuclage",
        "nulib": "nulib",
        "sops-nix": "sops-nix_2"
      }
    },
    "sops-nix": {
      "inputs": {
        "nixpkgs": [
          "nuclage",
          "nixpkgs"
        ],
        "nixpkgs-stable": "nixpkgs-stable"
      },
      "locked": {
        "lastModified": 1677833841,
        "narHash": "sha256-yHZFGe7dhBE43FFWKiWc29NuveH+nfyTT6oKyFDEMys=",
        "owner": "Mic92",
        "repo": "sops-nix",
        "rev": "128e9b29ddd88ceb634a28f7dbbfee7b895f005f",
        "type": "github"
      },
      "original": {
        "owner": "Mic92",
        "repo": "sops-nix",
        "type": "github"
      }
    },
    "sops-nix_2": {
      "inputs": {
        "nixpkgs": [
          "nixpkgs"
        ],
        "nixpkgs-stable": "nixpkgs-stable_2"
      },
      "locked": {
        "lastModified": 1677833841,
        "narHash": "sha256-yHZFGe7dhBE43FFWKiWc29NuveH+nfyTT6oKyFDEMys=",
        "owner": "Mic92",
        "repo": "sops-nix",
        "rev": "128e9b29ddd88ceb634a28f7dbbfee7b895f005f",
        "type": "github"
      },
      "original": {
        "owner": "Mic92",
        "repo": "sops-nix",
        "type": "github"
      }
    },
    "utils": {
      "locked": {
        "lastModified": 1667395993,
        "narHash": "sha256-nuEHfE/LcWyuSWnS8t12N1wc105Qtau+/OdUAjtQ0rA=",
        "owner": "numtide",
        "repo": "flake-utils",
        "rev": "5aed5285a952e0b949eb3ba02c12fa4fcfef535f",
        "type": "github"
      },
      "original": {
        "owner": "numtide",
        "repo": "flake-utils",
        "type": "github"
      }
    }
  },
  "root": "root",
  "version": 7
}
